{
  "name": "timepicker",
  "version": "0.0.1",
  "lockfileVersion": 1,
  "requires": true,
  "dependencies": {
    "@ionic/angular": {
      "version": "5.0.7",
      "resolved": "https://registry.npmjs.org/@ionic/angular/-/angular-5.0.7.tgz",
      "integrity": "sha512-g6Q76CxUsg95UU0PR/jyYdepUnSa9v67teZXh8udXAjaE7ZZCPaltXOLRxnb37nY8SJX/Bia7EZUvR0D7VUuPQ==",
      "requires": {
        "@ionic/core": "5.0.7",
        "tslib": "^1.9.3"
      }
    },
    "@ionic/core": {
      "version": "5.0.7",
      "resolved": "https://registry.npmjs.org/@ionic/core/-/core-5.0.7.tgz",
      "integrity": "sha512-94Ebr4Uw/2aOqweGr4Xmo5csjTQwLcDuHraMC+VuQWNoCztuJI9cX/yhsAS2Yftor+vXC/uGZkubK+P+RFh1jQ==",
      "requires": {
        "ionicons": "^5.0.1",
        "tslib": "^1.10.0"
      }
    },
    "ionicons": {
      "version": "5.0.1",
      "resolved": "https://registry.npmjs.org/ionicons/-/ionicons-5.0.1.tgz",
      "integrity": "sha512-P9GHr7pgCJcG211W0wute49NZ9AvJZvFJf4OwYybakjX6j7tu0q5t5HNWn9bcb9YjI7SxBblJg8iqQ1Yb59DXw=="
    },
    "tslib": {
      "version": "1.11.1",
      "resolved": "https://registry.npmjs.org/tslib/-/tslib-1.11.1.tgz",
      "integrity": "sha512-aZW88SY8kQbU7gpV19lN24LtXh/yD4ZZg6qieAJDDg+YBsJcSmLGK9QpnUjAKVG/xefmvJGd1WUmfpT/g6AJGA=="
    }
  }
}
